// !$*UTF8*$!
{
	archiveVersion = 1;
	classes = {
	};
	objectVersion = 46;
	objects = {

/* Begin PBXBuildFile section */
		6E7BCD7B1DA33D29006F8212 /* BirdTableViewController.swift in Sources */ = {isa = PBXBuildFile; fileRef = 6E7BCD7A1DA33D29006F8212 /* BirdTableViewController.swift */; };
		72F540E51D9A186700FBBC33 /* AppDelegate.swift in Sources */ = {isa = PBXBuildFile; fileRef = 72F540E41D9A186700FBBC33 /* AppDelegate.swift */; };
		72F540E71D9A186700FBBC33 /* ViewController.swift in Sources */ = {isa = PBXBuildFile; fileRef = 72F540E61D9A186700FBBC33 /* ViewController.swift */; };
		72F540EA1D9A186700FBBC33 /* Main.storyboard in Resources */ = {isa = PBXBuildFile; fileRef = 72F540E81D9A186700FBBC33 /* Main.storyboard */; };
		72F540EC1D9A186700FBBC33 /* Assets.xcassets in Resources */ = {isa = PBXBuildFile; fileRef = 72F540EB1D9A186700FBBC33 /* Assets.xcassets */; };
		72F540EF1D9A186700FBBC33 /* LaunchScreen.storyboard in Resources */ = {isa = PBXBuildFile; fileRef = 72F540ED1D9A186700FBBC33 /* LaunchScreen.storyboard */; };
		72F540F71D9A187600FBBC33 /* File.swift in Sources */ = {isa = PBXBuildFile; fileRef = 72F540F61D9A187600FBBC33 /* File.swift */; };
/* End PBXBuildFile section */

/* Begin PBXFileReference section */
		6E7BCD7A1DA33D29006F8212 /* BirdTableViewController.swift */ = {isa = PBXFileReference; fileEncoding = 4; lastKnownFileType = sourcecode.swift; path = BirdTableViewController.swift; sourceTree = "<group>"; };
		72F540E11D9A186700FBBC33 /* birdForag.app */ = {isa = PBXFileReference; explicitFileType = wrapper.application; includeInIndex = 0; path = birdForag.app; sourceTree = BUILT_PRODUCTS_DIR; };
		72F540E41D9A186700FBBC33 /* AppDelegate.swift */ = {isa = PBXFileReference; lastKnownFileType = sourcecode.swift; path = AppDelegate.swift; sourceTree = "<group>"; };
		72F540E61D9A186700FBBC33 /* ViewController.swift */ = {isa = PBXFileReference; lastKnownFileType = sourcecode.swift; path = ViewController.swift; sourceTree = "<group>"; };
		72F540E91D9A186700FBBC33 /* Base */ = {isa = PBXFileReference; lastKnownFileType = file.storyboard; name = Base; path = Base.lproj/Main.storyboard; sourceTree = "<group>"; };
		72F540EB1D9A186700FBBC33 /* Assets.xcassets */ = {isa = PBXFileReference; lastKnownFileType = folder.assetcatalog; path = Assets.xcassets; sourceTree = "<group>"; };
		72F540EE1D9A186700FBBC33 /* Base */ = {isa = PBXFileReference; lastKnownFileType = file.storyboard; name = Base; path = Base.lproj/LaunchScreen.storyboard; sourceTree = "<group>"; };
		72F540F01D9A186700FBBC33 /* Info.plist */ = {isa = PBXFileReference; lastKnownFileType = text.plist.xml; path = Info.plist; sourceTree = "<group>"; };
		72F540F61D9A187600FBBC33 /* File.swift */ = {isa = PBXFileReference; fileEncoding = 4; lastKnownFileType = sourcecode.swift; name = File.swift; path = ../File.swift; sourceTree = "<group>"; };
/* End PBXFileReference section */

/* Begin PBXFrameworksBuildPhase section */
		72F540DE1D9A186700FBBC33 /* Frameworks */ = {
			isa = PBXFrameworksBuildPhase;
			buildActionMask = 2147483647;
			files = (
			);
			runOnlyForDeploymentPostprocessing = 0;
		};
/* End PBXFrameworksBuildPhase section */

/* Begin PBXGroup section */
		72F540D81D9A186700FBBC33 = {
			isa = PBXGroup;
			children = (
				72F540E31D9A186700FBBC33 /* birdForag */,
				72F540E21D9A186700FBBC33 /* Products */,
			);
			sourceTree = "<group>";
		};
		72F540E21D9A186700FBBC33 /* Products */ = {
			isa = PBXGroup;
			children = (
				72F540E11D9A186700FBBC33 /* birdForag.app */,
			);
			name = Products;
			sourceTree = "<group>";
		};
		72F540E31D9A186700FBBC33 /* birdForag */ = {
			isa = PBXGroup;
			children = (
				72F540E41D9A186700FBBC33 /* AppDelegate.swift */,
				72F540F61D9A187600FBBC33 /* File.swift */,
				6E7BCD7A1DA33D29006F8212 /* BirdTableViewController.swift */,
				72F540E61D9A186700FBBC33 /* ViewController.swift */,
				72F540E81D9A186700FBBC33 /* Main.storyboard */,
				72F540EB1D9A186700FBBC33 /* Assets.xcassets */,
				72F540ED1D9A186700FBBC33 /* LaunchScreen.storyboard */,
				72F540F01D9A186700FBBC33 /* Info.plist */,
			);
			path = birdForag;
			sourceTree = "<group>";
		};
/* End PBXGroup section */

/* Begin PBXNativeTarget section */
		72F540E01D9A186700FBBC33 /* birdForag */ = {
			isa = PBXNativeTarget;
			buildConfigurationList = 72F540F31D9A186700FBBC33 /* Build configuration list for PBXNativeTarget "birdForag" */;
			buildPhases = (
				72F540DD1D9A186700FBBC33 /* Sources */,
				72F540DE1D9A186700FBBC33 /* Frameworks */,
				72F540DF1D9A186700FBBC33 /* Resources */,
			);
			buildRules = (
			);
			dependencies = (
			);
			name = birdForag;
			productName = birdForag;
			productReference = 72F540E11D9A186700FBBC33 /* birdForag.app */;
			productType = "com.apple.product-type.application";
		};
/* End PBXNativeTarget section */

/* Begin PBXProject section */
		72F540D91D9A186700FBBC33 /* Project object */ = {
			isa = PBXProject;
			attributes = {
				LastSwiftUpdateCheck = 0730;
				LastUpgradeCheck = 0730;
				ORGANIZATIONNAME = itct07;
				TargetAttributes = {
					72F540E01D9A186700FBBC33 = {
						CreatedOnToolsVersion = 7.3.1;
						LastSwiftMigration = 0800;
					};
				};
			};
			buildConfigurationList = 72F540DC1D9A186700FBBC33 /* Build configuration list for PBXProject "birdForag" */;
			compatibilityVersion = "Xcode 3.2";
			developmentRegion = English;
			hasScannedForEncodings = 0;
			knownRegions = (
				en,
				Base,
			);
			mainGroup = 72F540D81D9A186700FBBC33;
			productRefGroup = 72F540E21D9A186700FBBC33 /* Products */;
			projectDirPath = "";
			projectRoot = "";
			targets = (
				72F540E01D9A186700FBBC33 /* birdForag */,
			);
		};
/* End PBXProject section */

/* Begin PBXResourcesBuildPhase section */
		72F540DF1D9A186700FBBC33 /* Resources */ = {
			isa = PBXResourcesBuildPhase;
			buildActionMask = 2147483647;
			files = (
				72F540EF1D9A186700FBBC33 /* LaunchScreen.storyboard in Resources */,
				72F540EC1D9A186700FBBC33 /* Assets.xcassets in Resources */,
				72F540EA1D9A186700FBBC33 /* Main.storyboard in Resources */,
			);
			runOnlyForDeploymentPostprocessing = 0;
		};
/* End PBXResourcesBuildPhase section */

/* Begin PBXSourcesBuildPhase section */
		72F540DD1D9A186700FBBC33 /* Sources */ = {
			isa = PBXSourcesBuildPhase;
			buildActionMask = 2147483647;
			files = (
				6E7BCD7B1DA33D29006F8212 /* BirdTableViewController.swift in Sources */,
				72F540E71D9A186700FBBC33 /* ViewController.swift in Sources */,
				72F540F71D9A187600FBBC33 /* File.swift in Sources */,
				72F540E51D9A186700FBBC33 /* AppDelegate.swift in Sources */,
			);
			runOnlyForDeploymentPostprocessing = 0;
		};
/* End PBXSourcesBuildPhase section */

/* Begin PBXVariantGroup section */
		72F540E81D9A186700FBBC33 /* Main.storyboard */ = {
			isa = PBXVariantGroup;
			children = (
				72F540E91D9A186700FBBC33 /* Base */,
			);
			name = Main.storyboard;
			sourceTree = "<group>";
		};
		72F540ED1D9A186700FBBC33 /* LaunchScreen.storyboard */ = {
			isa = PBXVariantGroup;
			children = (
				72F540EE1D9A186700FBBC33 /* Base */,
			);
			name = LaunchScreen.storyboard;
			sourceTree = "<group>";
		};
/* End PBXVariantGroup section */

/* Begin XCBuildConfiguration section */
		72F540F11D9A186700FBBC33 /* Debug */ = {
			isa = XCBuildConfiguration;
			buildSettings = {
				ALWAYS_SEARCH_USER_PATHS = NO;
				CLANG_ANALYZER_NONNULL = YES;
				CLANG_CXX_LANGUAGE_STANDARD = "gnu++0x";
				CLANG_CXX_LIBRARY = "libc++";
				CLANG_ENABLE_MODULES = YES;
				CLANG_ENABLE_OBJC_ARC = YES;
				CLANG_WARN_BOOL_CONVERSION = YES;
				CLANG_WARN_CONSTANT_CONVERSION = YES;
				CLANG_WARN_DIRECT_OBJC_ISA_USAGE = YES_ERROR;
				CLANG_WARN_EMPTY_BODY = YES;
				CLANG_WARN_ENUM_CONVERSION = YES;
				CLANG_WARN_INT_CONVERSION = YES;
				CLANG_WARN_OBJC_ROOT_CLASS = YES_ERROR;
				CLANG_WARN_UNREACHABLE_CODE = YES;
				CLANG_WARN__DUPLICATE_METHOD_MATCH = YES;
				"CODE_SIGN_IDENTITY[sdk=iphoneos*]" = "iPhone Developer";
				COPY_PHASE_STRIP = NO;
				DEBUG_INFORMATION_FORMAT = dwarf;
				ENABLE_STRICT_OBJC_MSGSEND = YES;
				ENABLE_TESTABILITY = YES;
				GCC_C_LANGUAGE_STANDARD = gnu99;
				GCC_DYNAMIC_NO_PIC = NO;
				GCC_NO_COMMON_BLOCKS = YES;
				GCC_OPTIMIZATION_LEVEL = 0;
				GCC_PREPROCESSOR_DEFINITIONS = (
					"DEBUG=1",
					"$(inherited)",
				);
				GCC_WARN_64_TO_32_BIT_CONVERSION = YES;
				GCC_WARN_ABOUT_RETURN_TYPE = YES_ERROR;
				GCC_WARN_UNDECLARED_SELECTOR = YES;
				GCC_WARN_UNINITIALIZED_AUTOS = YES_AGGRESSIVE;
				GCC_WARN_UNUSED_FUNCTION = YES;
				GCC_WARN_UNUSED_VARIABLE = YES;
				IPHONEOS_DEPLOYMENT_TARGET = 9.3;
				MTL_ENABLE_DEBUG_INFO = YES;
				ONLY_ACTIVE_ARCH = YES;
				SDKROOT = iphoneos;
				SWIFT_OPTIMIZATION_LEVEL = "-Onone";
				TARGETED_DEVICE_FAMILY = "1,2";
			};
			name = Debug;
		};
		72F540F21D9A186700FBBC33 /* Release */ = {
			isa = XCBuildConfiguration;
			buildSettings = {
				ALWAYS_SEARCH_USER_PATHS = NO;
				CLANG_ANALYZER_NONNULL = YES;
				CLANG_CXX_LANGUAGE_STANDARD = "gnu++0x";
				CLANG_CXX_LIBRARY = "libc++";
				CLANG_ENABLE_MODULES = YES;
				CLANG_ENABLE_OBJC_ARC = YES;
				CLANG_WARN_BOOL_CONVERSION = YES;
				CLANG_WARN_CONSTANT_CONVERSION = YES;
				CLANG_WARN_DIRECT_OBJC_ISA_USAGE = YES_ERROR;
				CLANG_WARN_EMPTY_BODY = YES;
				CLANG_WARN_ENUM_CONVERSION = YES;
				CLANG_WARN_INT_CONVERSION = YES;
				CLANG_WARN_OBJC_ROOT_CLASS = YES_ERROR;
				CLANG_WARN_UNREACHABLE_CODE = YES;
				CLANG_WARN__DUPLICATE_METHOD_MATCH = YES;
				"CODE_SIGN_IDENTITY[sdk=iphoneos*]" = "iPhone Developer";
				COPY_PHASE_STRIP = NO;
				DEBUG_INFORMATION_FORMAT = "dwarf-with-dsym";
				ENABLE_NS_ASSERTIONS = NO;
				ENABLE_STRICT_OBJC_MSGSEND = YES;
				GCC_C_LANGUAGE_STANDARD = gnu99;
				GCC_NO_COMMON_BLOCKS = YES;
				GCC_WARN_64_TO_32_BIT_CONVERSION = YES;
				GCC_WARN_ABOUT_RETURN_TYPE = YES_ERROR;
				GCC_WARN_UNDECLARED_SELECTOR = YES;
				GCC_WARN_UNINITIALIZED_AUTOS = YES_AGGRESSIVE;
				GCC_WARN_UNUSED_FUNCTION = YES;
				GCC_WARN_UNUSED_VARIABLE = YES;
				IPHONEOS_DEPLOYMENT_TARGET = 9.3;
				MTL_ENABLE_DEBUG_INFO = NO;
				SDKROOT = iphoneos;
				TARGETED_DEVICE_FAMILY = "1,2";
				VALIDATE_PRODUCT = YES;
			};
			name = Release;
		};
		72F540F41D9A186700FBBC33 /* Debug */ = {
			isa = XCBuildConfiguration;
			buildSettings = {
				ASSETCATALOG_COMPILER_APPICON_NAME = AppIcon;
				INFOPLIST_FILE = birdForag/Info.plist;
				LD_RUNPATH_SEARCH_PATHS = "$(inherited) @executable_path/Frameworks";
				PRODUCT_BUNDLE_IDENTIFIER = "-23.birdForag";
				PRODUCT_NAME = "$(TARGET_NAME)";
				SWIFT_VERSION = 3.0;
			};
			name = Debug;
		};
		72F540F51D9A186700FBBC33 /* Release */ = {
			isa = XCBuildConfiguration;
			buildSettings = {
				ASSETCATALOG_COMPILER_APPICON_NAME = AppIcon;
				INFOPLIST_FILE = birdForag/Info.plist;
				LD_RUNPATH_SEARCH_PATHS = "$(inherited) @executable_path/Frameworks";
				PRODUCT_BUNDLE_IDENTIFIER = "-23.birdForag";
				PRODUCT_NAME = "$(TARGET_NAME)";
				SWIFT_VERSION = 3.0;
			};
			name = Release;
		};
/* End XCBuildConfiguration section */

/* Begin XCConfigurationList section */
		72F540DC1D9A186700FBBC33 /* Build configuration list for PBXProject "birdForag" */ = {
			isa = XCConfigurationList;
			buildConfigurations = (
				72F540F11D9A186700FBBC33 /* Debug */,
				72F540F21D9A186700FBBC33 /* Release */,
			);
			defaultConfigurationIsVisible = 0;
			defaultConfigurationName = Release;
		};
		72F540F31D9A186700FBBC33 /* Build configuration list for PBXNativeTarget "birdForag" */ = {
			isa = XCConfigurationList;
			buildConfigurations = (
				72F540F41D9A186700FBBC33 /* Debug */,
				72F540F51D9A186700FBBC33 /* Release */,
			);
			defaultConfigurationIsVisible = 0;
			defaultConfigurationName = Release;
		};
/* End XCConfigurationList section */
	};
	rootObject = 72F540D91D9A186700FBBC33 /* Project object */;
}
